// !$*UTF8*$!
{
	archiveVersion = 1;
	classes = {
	};
	objectVersion = 50;
	objects = {

/* Begin PBXBuildFile section */
		8674EE99A5509B013FFF5FDF /* Pods_TimeBankOfficialUITests.framework in Frameworks */ = {isa = PBXBuildFile; fileRef = 7B11EE08672E829E8EAEB35A /* Pods_TimeBankOfficialUITests.framework */; };
		87933DB3E6D1C3B877F58A67 /* Pods_TimeBankOfficialTests.framework in Frameworks */ = {isa = PBXBuildFile; fileRef = D9B6202939E1D7A18FA27A31 /* Pods_TimeBankOfficialTests.framework */; };
		D502F7FD2262755D00085DE3 /* AppDelegate.swift in Sources */ = {isa = PBXBuildFile; fileRef = D502F7FC2262755D00085DE3 /* AppDelegate.swift */; };
		D502F8022262755D00085DE3 /* Main.storyboard in Resources */ = {isa = PBXBuildFile; fileRef = D502F8002262755D00085DE3 /* Main.storyboard */; };
		D502F8042262755F00085DE3 /* Assets.xcassets in Resources */ = {isa = PBXBuildFile; fileRef = D502F8032262755F00085DE3 /* Assets.xcassets */; };
		D502F8072262755F00085DE3 /* LaunchScreen.storyboard in Resources */ = {isa = PBXBuildFile; fileRef = D502F8052262755F00085DE3 /* LaunchScreen.storyboard */; };
		D502F8122262755F00085DE3 /* TimeBankOfficialTests.swift in Sources */ = {isa = PBXBuildFile; fileRef = D502F8112262755F00085DE3 /* TimeBankOfficialTests.swift */; };
		D502F81D2262755F00085DE3 /* TimeBankOfficialUITests.swift in Sources */ = {isa = PBXBuildFile; fileRef = D502F81C2262755F00085DE3 /* TimeBankOfficialUITests.swift */; };
		D502F82D2262840800085DE3 /* LoginViewController.swift in Sources */ = {isa = PBXBuildFile; fileRef = D502F82C2262840800085DE3 /* LoginViewController.swift */; };
		D502F82F2263B57100085DE3 /* homeViewController.swift in Sources */ = {isa = PBXBuildFile; fileRef = D502F82E2263B57100085DE3 /* homeViewController.swift */; };
		D502F8312263B77200085DE3 /* signupViewController.swift in Sources */ = {isa = PBXBuildFile; fileRef = D502F8302263B77200085DE3 /* signupViewController.swift */; };
		D54AA9412267B79B00070F9F /* JobsViewController.swift in Sources */ = {isa = PBXBuildFile; fileRef = D54AA9402267B79B00070F9F /* JobsViewController.swift */; };
		D54AA97F226EADEC00070F9F /* GoogleService-Info.plist in Resources */ = {isa = PBXBuildFile; fileRef = D54AA97E226EADEC00070F9F /* GoogleService-Info.plist */; };
		D588A4802270F255008EAB31 /* ProfileViewController.swift in Sources */ = {isa = PBXBuildFile; fileRef = D588A47F2270F255008EAB31 /* ProfileViewController.swift */; };
		D588A4832273E445008EAB31 /* requestViewController.swift in Sources */ = {isa = PBXBuildFile; fileRef = D588A4822273E445008EAB31 /* requestViewController.swift */; };
		EA57C6157EA4E6E28C0483AC /* Pods_TimeBankOfficial.framework in Frameworks */ = {isa = PBXBuildFile; fileRef = 486C43604B550C52D71439B8 /* Pods_TimeBankOfficial.framework */; };
/* End PBXBuildFile section */

/* Begin PBXContainerItemProxy section */
		D502F80E2262755F00085DE3 /* PBXContainerItemProxy */ = {
			isa = PBXContainerItemProxy;
			containerPortal = D502F7F12262755D00085DE3 /* Project object */;
			proxyType = 1;
			remoteGlobalIDString = D502F7F82262755D00085DE3;
			remoteInfo = TimeBankOfficial;
		};
		D502F8192262755F00085DE3 /* PBXContainerItemProxy */ = {
			isa = PBXContainerItemProxy;
			containerPortal = D502F7F12262755D00085DE3 /* Project object */;
			proxyType = 1;
			remoteGlobalIDString = D502F7F82262755D00085DE3;
			remoteInfo = TimeBankOfficial;
		};
/* End PBXContainerItemProxy section */

/* Begin PBXFileReference section */
		163CFB843106CDE6362581CB /* Pods-TimeBankOfficialUITests.debug.xcconfig */ = {isa = PBXFileReference; includeInIndex = 1; lastKnownFileType = text.xcconfig; name = "Pods-TimeBankOfficialUITests.debug.xcconfig"; path = "Target Support Files/Pods-TimeBankOfficialUITests/Pods-TimeBankOfficialUITests.debug.xcconfig"; sourceTree = "<group>"; };
		486C43604B550C52D71439B8 /* Pods_TimeBankOfficial.framework */ = {isa = PBXFileReference; explicitFileType = wrapper.framework; includeInIndex = 0; path = Pods_TimeBankOfficial.framework; sourceTree = BUILT_PRODUCTS_DIR; };
		721B61E6DC2C28597BFF91CC /* Pods-TimeBankOfficialTests.debug.xcconfig */ = {isa = PBXFileReference; includeInIndex = 1; lastKnownFileType = text.xcconfig; name = "Pods-TimeBankOfficialTests.debug.xcconfig"; path = "Target Support Files/Pods-TimeBankOfficialTests/Pods-TimeBankOfficialTests.debug.xcconfig"; sourceTree = "<group>"; };
		7B11EE08672E829E8EAEB35A /* Pods_TimeBankOfficialUITests.framework */ = {isa = PBXFileReference; explicitFileType = wrapper.framework; includeInIndex = 0; path = Pods_TimeBankOfficialUITests.framework; sourceTree = BUILT_PRODUCTS_DIR; };
		962E910DE26DD8822F120397 /* Pods-TimeBankOfficialUITests.release.xcconfig */ = {isa = PBXFileReference; includeInIndex = 1; lastKnownFileType = text.xcconfig; name = "Pods-TimeBankOfficialUITests.release.xcconfig"; path = "Target Support Files/Pods-TimeBankOfficialUITests/Pods-TimeBankOfficialUITests.release.xcconfig"; sourceTree = "<group>"; };
		A4F76869859EAD7CE6B58C2B /* Pods-TimeBankOfficial.debug.xcconfig */ = {isa = PBXFileReference; includeInIndex = 1; lastKnownFileType = text.xcconfig; name = "Pods-TimeBankOfficial.debug.xcconfig"; path = "Target Support Files/Pods-TimeBankOfficial/Pods-TimeBankOfficial.debug.xcconfig"; sourceTree = "<group>"; };
		D502F7F92262755D00085DE3 /* TimeBankOfficial.app */ = {isa = PBXFileReference; explicitFileType = wrapper.application; includeInIndex = 0; path = TimeBankOfficial.app; sourceTree = BUILT_PRODUCTS_DIR; };
		D502F7FC2262755D00085DE3 /* AppDelegate.swift */ = {isa = PBXFileReference; lastKnownFileType = sourcecode.swift; path = AppDelegate.swift; sourceTree = "<group>"; };
		D502F8012262755D00085DE3 /* Base */ = {isa = PBXFileReference; lastKnownFileType = file.storyboard; name = Base; path = Base.lproj/Main.storyboard; sourceTree = "<group>"; };
		D502F8032262755F00085DE3 /* Assets.xcassets */ = {isa = PBXFileReference; lastKnownFileType = folder.assetcatalog; path = Assets.xcassets; sourceTree = "<group>"; };
		D502F8062262755F00085DE3 /* Base */ = {isa = PBXFileReference; lastKnownFileType = file.storyboard; name = Base; path = Base.lproj/LaunchScreen.storyboard; sourceTree = "<group>"; };
		D502F8082262755F00085DE3 /* Info.plist */ = {isa = PBXFileReference; lastKnownFileType = text.plist.xml; path = Info.plist; sourceTree = "<group>"; };
		D502F80D2262755F00085DE3 /* TimeBankOfficialTests.xctest */ = {isa = PBXFileReference; explicitFileType = wrapper.cfbundle; includeInIndex = 0; path = TimeBankOfficialTests.xctest; sourceTree = BUILT_PRODUCTS_DIR; };
		D502F8112262755F00085DE3 /* TimeBankOfficialTests.swift */ = {isa = PBXFileReference; lastKnownFileType = sourcecode.swift; path = TimeBankOfficialTests.swift; sourceTree = "<group>"; };
		D502F8132262755F00085DE3 /* Info.plist */ = {isa = PBXFileReference; lastKnownFileType = text.plist.xml; path = Info.plist; sourceTree = "<group>"; };
		D502F8182262755F00085DE3 /* TimeBankOfficialUITests.xctest */ = {isa = PBXFileReference; explicitFileType = wrapper.cfbundle; includeInIndex = 0; path = TimeBankOfficialUITests.xctest; sourceTree = BUILT_PRODUCTS_DIR; };
		D502F81C2262755F00085DE3 /* TimeBankOfficialUITests.swift */ = {isa = PBXFileReference; lastKnownFileType = sourcecode.swift; path = TimeBankOfficialUITests.swift; sourceTree = "<group>"; };
		D502F81E2262755F00085DE3 /* Info.plist */ = {isa = PBXFileReference; lastKnownFileType = text.plist.xml; path = Info.plist; sourceTree = "<group>"; };
		D502F82C2262840800085DE3 /* LoginViewController.swift */ = {isa = PBXFileReference; lastKnownFileType = sourcecode.swift; path = LoginViewController.swift; sourceTree = "<group>"; };
		D502F82E2263B57100085DE3 /* homeViewController.swift */ = {isa = PBXFileReference; lastKnownFileType = sourcecode.swift; path = homeViewController.swift; sourceTree = "<group>"; };
		D502F8302263B77200085DE3 /* signupViewController.swift */ = {isa = PBXFileReference; lastKnownFileType = sourcecode.swift; path = signupViewController.swift; sourceTree = "<group>"; };
		D54AA9402267B79B00070F9F /* JobsViewController.swift */ = {isa = PBXFileReference; lastKnownFileType = sourcecode.swift; path = JobsViewController.swift; sourceTree = "<group>"; };
		D54AA97E226EADEC00070F9F /* GoogleService-Info.plist */ = {isa = PBXFileReference; fileEncoding = 4; lastKnownFileType = text.plist.xml; name = "GoogleService-Info.plist"; path = "../../../Desktop/TimeBankOfficial/GoogleService-Info.plist"; sourceTree = "<group>"; };
		D588A47F2270F255008EAB31 /* ProfileViewController.swift */ = {isa = PBXFileReference; lastKnownFileType = sourcecode.swift; path = ProfileViewController.swift; sourceTree = "<group>"; };
		D588A4822273E445008EAB31 /* requestViewController.swift */ = {isa = PBXFileReference; lastKnownFileType = sourcecode.swift; path = requestViewController.swift; sourceTree = "<group>"; };
		D9B6202939E1D7A18FA27A31 /* Pods_TimeBankOfficialTests.framework */ = {isa = PBXFileReference; explicitFileType = wrapper.framework; includeInIndex = 0; path = Pods_TimeBankOfficialTests.framework; sourceTree = BUILT_PRODUCTS_DIR; };
		EA80CACB8AED1B318CC5B394 /* Pods-TimeBankOfficial.release.xcconfig */ = {isa = PBXFileReference; includeInIndex = 1; lastKnownFileType = text.xcconfig; name = "Pods-TimeBankOfficial.release.xcconfig"; path = "Target Support Files/Pods-TimeBankOfficial/Pods-TimeBankOfficial.release.xcconfig"; sourceTree = "<group>"; };
		EF5E8DB6DF1F66B5F3B5BCFD /* Pods-TimeBankOfficialTests.release.xcconfig */ = {isa = PBXFileReference; includeInIndex = 1; lastKnownFileType = text.xcconfig; name = "Pods-TimeBankOfficialTests.release.xcconfig"; path = "Target Support Files/Pods-TimeBankOfficialTests/Pods-TimeBankOfficialTests.release.xcconfig"; sourceTree = "<group>"; };
/* End PBXFileReference section */

/* Begin PBXFrameworksBuildPhase section */
		D502F7F62262755D00085DE3 /* Frameworks */ = {
			isa = PBXFrameworksBuildPhase;
			buildActionMask = 2147483647;
			files = (
				EA57C6157EA4E6E28C0483AC /* Pods_TimeBankOfficial.framework in Frameworks */,
			);
			runOnlyForDeploymentPostprocessing = 0;
		};
		D502F80A2262755F00085DE3 /* Frameworks */ = {
			isa = PBXFrameworksBuildPhase;
			buildActionMask = 2147483647;
			files = (
				87933DB3E6D1C3B877F58A67 /* Pods_TimeBankOfficialTests.framework in Frameworks */,
			);
			runOnlyForDeploymentPostprocessing = 0;
		};
		D502F8152262755F00085DE3 /* Frameworks */ = {
			isa = PBXFrameworksBuildPhase;
			buildActionMask = 2147483647;
			files = (
				8674EE99A5509B013FFF5FDF /* Pods_TimeBankOfficialUITests.framework in Frameworks */,
			);
			runOnlyForDeploymentPostprocessing = 0;
		};
/* End PBXFrameworksBuildPhase section */

/* Begin PBXGroup section */
		32C8E51C7146737795FB0DD8 /* Pods */ = {
			isa = PBXGroup;
			children = (
				A4F76869859EAD7CE6B58C2B /* Pods-TimeBankOfficial.debug.xcconfig */,
				EA80CACB8AED1B318CC5B394 /* Pods-TimeBankOfficial.release.xcconfig */,
				721B61E6DC2C28597BFF91CC /* Pods-TimeBankOfficialTests.debug.xcconfig */,
				EF5E8DB6DF1F66B5F3B5BCFD /* Pods-TimeBankOfficialTests.release.xcconfig */,
				163CFB843106CDE6362581CB /* Pods-TimeBankOfficialUITests.debug.xcconfig */,
				962E910DE26DD8822F120397 /* Pods-TimeBankOfficialUITests.release.xcconfig */,
			);
			path = Pods;
			sourceTree = "<group>";
		};
		A7E894C49291BC73B7F3523D /* Frameworks */ = {
			isa = PBXGroup;
			children = (
				486C43604B550C52D71439B8 /* Pods_TimeBankOfficial.framework */,
				D9B6202939E1D7A18FA27A31 /* Pods_TimeBankOfficialTests.framework */,
				7B11EE08672E829E8EAEB35A /* Pods_TimeBankOfficialUITests.framework */,
			);
			name = Frameworks;
			sourceTree = "<group>";
		};
		D502F7F02262755D00085DE3 = {
			isa = PBXGroup;
			children = (
				D502F7FB2262755D00085DE3 /* TimeBankOfficial */,
				D502F8102262755F00085DE3 /* TimeBankOfficialTests */,
				D502F81B2262755F00085DE3 /* TimeBankOfficialUITests */,
				D502F7FA2262755D00085DE3 /* Products */,
				32C8E51C7146737795FB0DD8 /* Pods */,
				A7E894C49291BC73B7F3523D /* Frameworks */,
			);
			sourceTree = "<group>";
		};
		D502F7FA2262755D00085DE3 /* Products */ = {
			isa = PBXGroup;
			children = (
				D502F7F92262755D00085DE3 /* TimeBankOfficial.app */,
				D502F80D2262755F00085DE3 /* TimeBankOfficialTests.xctest */,
				D502F8182262755F00085DE3 /* TimeBankOfficialUITests.xctest */,
			);
			name = Products;
			sourceTree = "<group>";
		};
		D502F7FB2262755D00085DE3 /* TimeBankOfficial */ = {
			isa = PBXGroup;
			children = (
				D588A4812273DCD6008EAB31 /* viewControllers */,
				D502F7FC2262755D00085DE3 /* AppDelegate.swift */,
				D502F8002262755D00085DE3 /* Main.storyboard */,
				D502F8032262755F00085DE3 /* Assets.xcassets */,
				D502F8052262755F00085DE3 /* LaunchScreen.storyboard */,
				D502F8082262755F00085DE3 /* Info.plist */,
				D54AA97E226EADEC00070F9F /* GoogleService-Info.plist */,
			);
			path = TimeBankOfficial;
			sourceTree = "<group>";
		};
		D502F8102262755F00085DE3 /* TimeBankOfficialTests */ = {
			isa = PBXGroup;
			children = (
				D502F8112262755F00085DE3 /* TimeBankOfficialTests.swift */,
				D502F8132262755F00085DE3 /* Info.plist */,
			);
			path = TimeBankOfficialTests;
			sourceTree = "<group>";
		};
		D502F81B2262755F00085DE3 /* TimeBankOfficialUITests */ = {
			isa = PBXGroup;
			children = (
				D502F81C2262755F00085DE3 /* TimeBankOfficialUITests.swift */,
				D502F81E2262755F00085DE3 /* Info.plist */,
			);
			path = TimeBankOfficialUITests;
			sourceTree = "<group>";
		};
		D588A4812273DCD6008EAB31 /* viewControllers */ = {
			isa = PBXGroup;
			children = (
				D502F82C2262840800085DE3 /* LoginViewController.swift */,
				D502F82E2263B57100085DE3 /* homeViewController.swift */,
				D502F8302263B77200085DE3 /* signupViewController.swift */,
				D54AA9402267B79B00070F9F /* JobsViewController.swift */,
				D588A47F2270F255008EAB31 /* ProfileViewController.swift */,
				D588A4822273E445008EAB31 /* requestViewController.swift */,
			);
			path = viewControllers;
			sourceTree = "<group>";
		};
/* End PBXGroup section */

/* Begin PBXNativeTarget section */
		D502F7F82262755D00085DE3 /* TimeBankOfficial */ = {
			isa = PBXNativeTarget;
			buildConfigurationList = D502F8212262755F00085DE3 /* Build configuration list for PBXNativeTarget "TimeBankOfficial" */;
			buildPhases = (
				00B4CDB139C0770CAF00A711 /* [CP] Check Pods Manifest.lock */,
				D502F7F52262755D00085DE3 /* Sources */,
				D502F7F62262755D00085DE3 /* Frameworks */,
				D502F7F72262755D00085DE3 /* Resources */,
				32BDC4E712EE3F4EDFDE2970 /* [CP] Embed Pods Frameworks */,
			);
			buildRules = (
			);
			dependencies = (
			);
			name = TimeBankOfficial;
			productName = TimeBankOfficial;
			productReference = D502F7F92262755D00085DE3 /* TimeBankOfficial.app */;
			productType = "com.apple.product-type.application";
		};
		D502F80C2262755F00085DE3 /* TimeBankOfficialTests */ = {
			isa = PBXNativeTarget;
			buildConfigurationList = D502F8242262755F00085DE3 /* Build configuration list for PBXNativeTarget "TimeBankOfficialTests" */;
			buildPhases = (
				2259EE636320319117C8963C /* [CP] Check Pods Manifest.lock */,
				D502F8092262755F00085DE3 /* Sources */,
				D502F80A2262755F00085DE3 /* Frameworks */,
				D502F80B2262755F00085DE3 /* Resources */,
			);
			buildRules = (
			);
			dependencies = (
				D502F80F2262755F00085DE3 /* PBXTargetDependency */,
			);
			name = TimeBankOfficialTests;
			productName = TimeBankOfficialTests;
			productReference = D502F80D2262755F00085DE3 /* TimeBankOfficialTests.xctest */;
			productType = "com.apple.product-type.bundle.unit-test";
		};
		D502F8172262755F00085DE3 /* TimeBankOfficialUITests */ = {
			isa = PBXNativeTarget;
			buildConfigurationList = D502F8272262755F00085DE3 /* Build configuration list for PBXNativeTarget "TimeBankOfficialUITests" */;
			buildPhases = (
				B4044545D4BB154059E83CAC /* [CP] Check Pods Manifest.lock */,
				D502F8142262755F00085DE3 /* Sources */,
				D502F8152262755F00085DE3 /* Frameworks */,
				D502F8162262755F00085DE3 /* Resources */,
			);
			buildRules = (
			);
			dependencies = (
				D502F81A2262755F00085DE3 /* PBXTargetDependency */,
			);
			name = TimeBankOfficialUITests;
			productName = TimeBankOfficialUITests;
			productReference = D502F8182262755F00085DE3 /* TimeBankOfficialUITests.xctest */;
			productType = "com.apple.product-type.bundle.ui-testing";
		};
/* End PBXNativeTarget section */

/* Begin PBXProject section */
		D502F7F12262755D00085DE3 /* Project object */ = {
			isa = PBXProject;
			attributes = {
				LastSwiftUpdateCheck = 1010;
				LastUpgradeCheck = 1010;
				ORGANIZATIONNAME = cis454Group12;
				TargetAttributes = {
					D502F7F82262755D00085DE3 = {
						CreatedOnToolsVersion = 10.1;
					};
					D502F80C2262755F00085DE3 = {
						CreatedOnToolsVersion = 10.1;
						TestTargetID = D502F7F82262755D00085DE3;
					};
					D502F8172262755F00085DE3 = {
						CreatedOnToolsVersion = 10.1;
						TestTargetID = D502F7F82262755D00085DE3;
					};
				};
			};
			buildConfigurationList = D502F7F42262755D00085DE3 /* Build configuration list for PBXProject "TimeBankOfficial" */;
			compatibilityVersion = "Xcode 9.3";
			developmentRegion = en;
			hasScannedForEncodings = 0;
			knownRegions = (
				en,
				Base,
			);
			mainGroup = D502F7F02262755D00085DE3;
			productRefGroup = D502F7FA2262755D00085DE3 /* Products */;
			projectDirPath = "";
			projectRoot = "";
			targets = (
				D502F7F82262755D00085DE3 /* TimeBankOfficial */,
				D502F80C2262755F00085DE3 /* TimeBankOfficialTests */,
				D502F8172262755F00085DE3 /* TimeBankOfficialUITests */,
			);
		};
/* End PBXProject section */

/* Begin PBXResourcesBuildPhase section */
		D502F7F72262755D00085DE3 /* Resources */ = {
			isa = PBXResourcesBuildPhase;
			buildActionMask = 2147483647;
			files = (
				D502F8072262755F00085DE3 /* LaunchScreen.storyboard in Resources */,
				D54AA97F226EADEC00070F9F /* GoogleService-Info.plist in Resources */,
				D502F8042262755F00085DE3 /* Assets.xcassets in Resources */,
				D502F8022262755D00085DE3 /* Main.storyboard in Resources */,
			);
			runOnlyForDeploymentPostprocessing = 0;
		};
		D502F80B2262755F00085DE3 /* Resources */ = {
			isa = PBXResourcesBuildPhase;
			buildActionMask = 2147483647;
			files = (
			);
			runOnlyForDeploymentPostprocessing = 0;
		};
		D502F8162262755F00085DE3 /* Resources */ = {
			isa = PBXResourcesBuildPhase;
			buildActionMask = 2147483647;
			files = (
			);
			runOnlyForDeploymentPostprocessing = 0;
		};
/* End PBXResourcesBuildPhase section */

/* Begin PBXShellScriptBuildPhase section */
		00B4CDB139C0770CAF00A711 /* [CP] Check Pods Manifest.lock */ = {
			isa = PBXShellScriptBuildPhase;
			buildActionMask = 2147483647;
			files = (
			);
			inputFileListPaths = (
			);
			inputPaths = (
				"${PODS_PODFILE_DIR_PATH}/Podfile.lock",
				"${PODS_ROOT}/Manifest.lock",
			);
			name = "[CP] Check Pods Manifest.lock";
			outputFileListPaths = (
			);
			outputPaths = (
				"$(DERIVED_FILE_DIR)/Pods-TimeBankOfficial-checkManifestLockResult.txt",
			);
			runOnlyForDeploymentPostprocessing = 0;
			shellPath = /bin/sh;
			shellScript = "diff \"${PODS_PODFILE_DIR_PATH}/Podfile.lock\" \"${PODS_ROOT}/Manifest.lock\" > /dev/null\nif [ $? != 0 ] ; then\n    # print error to STDERR\n    echo \"error: The sandbox is not in sync with the Podfile.lock. Run 'pod install' or update your CocoaPods installation.\" >&2\n    exit 1\nfi\n# This output is used by Xcode 'outputs' to avoid re-running this script phase.\necho \"SUCCESS\" > \"${SCRIPT_OUTPUT_FILE_0}\"\n";
			showEnvVarsInLog = 0;
		};
		2259EE636320319117C8963C /* [CP] Check Pods Manifest.lock */ = {
			isa = PBXShellScriptBuildPhase;
			buildActionMask = 2147483647;
			files = (
			);
			inputFileListPaths = (
			);
			inputPaths = (
				"${PODS_PODFILE_DIR_PATH}/Podfile.lock",
				"${PODS_ROOT}/Manifest.lock",
			);
			name = "[CP] Check Pods Manifest.lock";
			outputFileListPaths = (
			);
			outputPaths = (
				"$(DERIVED_FILE_DIR)/Pods-TimeBankOfficialTests-checkManifestLockResult.txt",
			);
			runOnlyForDeploymentPostprocessing = 0;
			shellPath = /bin/sh;
			shellScript = "diff \"${PODS_PODFILE_DIR_PATH}/Podfile.lock\" \"${PODS_ROOT}/Manifest.lock\" > /dev/null\nif [ $? != 0 ] ; then\n    # print error to STDERR\n    echo \"error: The sandbox is not in sync with the Podfile.lock. Run 'pod install' or update your CocoaPods installation.\" >&2\n    exit 1\nfi\n# This output is used by Xcode 'outputs' to avoid re-running this script phase.\necho \"SUCCESS\" > \"${SCRIPT_OUTPUT_FILE_0}\"\n";
			showEnvVarsInLog = 0;
		};
		32BDC4E712EE3F4EDFDE2970 /* [CP] Embed Pods Frameworks */ = {
			isa = PBXShellScriptBuildPhase;
			buildActionMask = 2147483647;
			files = (
			);
			inputFileListPaths = (
			);
			inputPaths = (
				"${PODS_ROOT}/Target Support Files/Pods-TimeBankOfficial/Pods-TimeBankOfficial-frameworks.sh",
				"${BUILT_PRODUCTS_DIR}/BoringSSL-GRPC/openssl_grpc.framework",
				"${BUILT_PRODUCTS_DIR}/GTMSessionFetcher/GTMSessionFetcher.framework",
				"${BUILT_PRODUCTS_DIR}/GoogleUtilities/GoogleUtilities.framework",
				"${BUILT_PRODUCTS_DIR}/Protobuf/Protobuf.framework",
				"${BUILT_PRODUCTS_DIR}/gRPC-C++/grpcpp.framework",
				"${BUILT_PRODUCTS_DIR}/gRPC-Core/grpc.framework",
				"${BUILT_PRODUCTS_DIR}/leveldb-library/leveldb.framework",
				"${BUILT_PRODUCTS_DIR}/nanopb/nanopb.framework",
			);
			name = "[CP] Embed Pods Frameworks";
			outputFileListPaths = (
			);
			outputPaths = (
				"${TARGET_BUILD_DIR}/${FRAMEWORKS_FOLDER_PATH}/openssl_grpc.framework",
				"${TARGET_BUILD_DIR}/${FRAMEWORKS_FOLDER_PATH}/GTMSessionFetcher.framework",
				"${TARGET_BUILD_DIR}/${FRAMEWORKS_FOLDER_PATH}/GoogleUtilities.framework",
				"${TARGET_BUILD_DIR}/${FRAMEWORKS_FOLDER_PATH}/Protobuf.framework",
				"${TARGET_BUILD_DIR}/${FRAMEWORKS_FOLDER_PATH}/grpcpp.framework",
				"${TARGET_BUILD_DIR}/${FRAMEWORKS_FOLDER_PATH}/grpc.framework",
				"${TARGET_BUILD_DIR}/${FRAMEWORKS_FOLDER_PATH}/leveldb.framework",
				"${TARGET_BUILD_DIR}/${FRAMEWORKS_FOLDER_PATH}/nanopb.framework",
			);
			runOnlyForDeploymentPostprocessing = 0;
			shellPath = /bin/sh;
			shellScript = "\"${PODS_ROOT}/Target Support Files/Pods-TimeBankOfficial/Pods-TimeBankOfficial-frameworks.sh\"\n";
			showEnvVarsInLog = 0;
		};
		B4044545D4BB154059E83CAC /* [CP] Check Pods Manifest.lock */ = {
			isa = PBXShellScriptBuildPhase;
			buildActionMask = 2147483647;
			files = (
			);
			inputFileListPaths = (
			);
			inputPaths = (
				"${PODS_PODFILE_DIR_PATH}/Podfile.lock",
				"${PODS_ROOT}/Manifest.lock",
			);
			name = "[CP] Check Pods Manifest.lock";
			outputFileListPaths = (
			);
			outputPaths = (
				"$(DERIVED_FILE_DIR)/Pods-TimeBankOfficialUITests-checkManifestLockResult.txt",
			);
			runOnlyForDeploymentPostprocessing = 0;
			shellPath = /bin/sh;
			shellScript = "diff \"${PODS_PODFILE_DIR_PATH}/Podfile.lock\" \"${PODS_ROOT}/Manifest.lock\" > /dev/null\nif [ $? != 0 ] ; then\n    # print error to STDERR\n    echo \"error: The sandbox is not in sync with the Podfile.lock. Run 'pod install' or update your CocoaPods installation.\" >&2\n    exit 1\nfi\n# This output is used by Xcode 'outputs' to avoid re-running this script phase.\necho \"SUCCESS\" > \"${SCRIPT_OUTPUT_FILE_0}\"\n";
			showEnvVarsInLog = 0;
		};
/* End PBXShellScriptBuildPhase section */

/* Begin PBXSourcesBuildPhase section */
		D502F7F52262755D00085DE3 /* Sources */ = {
			isa = PBXSourcesBuildPhase;
			buildActionMask = 2147483647;
			files = (
				D588A4832273E445008EAB31 /* requestViewController.swift in Sources */,
				D588A4802270F255008EAB31 /* ProfileViewController.swift in Sources */,
				D502F82D2262840800085DE3 /* LoginViewController.swift in Sources */,
				D502F7FD2262755D00085DE3 /* AppDelegate.swift in Sources */,
				D502F8312263B77200085DE3 /* signupViewController.swift in Sources */,
				D54AA9412267B79B00070F9F /* JobsViewController.swift in Sources */,
				D502F82F2263B57100085DE3 /* homeViewController.swift in Sources */,
			);
			runOnlyForDeploymentPostprocessing = 0;
		};
		D502F8092262755F00085DE3 /* Sources */ = {
			isa = PBXSourcesBuildPhase;
			buildActionMask = 2147483647;
			files = (
				D502F8122262755F00085DE3 /* TimeBankOfficialTests.swift in Sources */,
			);
			runOnlyForDeploymentPostprocessing = 0;
		};
		D502F8142262755F00085DE3 /* Sources */ = {
			isa = PBXSourcesBuildPhase;
			buildActionMask = 2147483647;
			files = (
				D502F81D2262755F00085DE3 /* TimeBankOfficialUITests.swift in Sources */,
			);
			runOnlyForDeploymentPostprocessing = 0;
		};
/* End PBXSourcesBuildPhase section */

/* Begin PBXTargetDependency section */
		D502F80F2262755F00085DE3 /* PBXTargetDependency */ = {
			isa = PBXTargetDependency;
			target = D502F7F82262755D00085DE3 /* TimeBankOfficial */;
			targetProxy = D502F80E2262755F00085DE3 /* PBXContainerItemProxy */;
		};
		D502F81A2262755F00085DE3 /* PBXTargetDependency */ = {
			isa = PBXTargetDependency;
			target = D502F7F82262755D00085DE3 /* TimeBankOfficial */;
			targetProxy = D502F8192262755F00085DE3 /* PBXContainerItemProxy */;
		};
/* End PBXTargetDependency section */

/* Begin PBXVariantGroup section */
		D502F8002262755D00085DE3 /* Main.storyboard */ = {
			isa = PBXVariantGroup;
			children = (
				D502F8012262755D00085DE3 /* Base */,
			);
			name = Main.storyboard;
			sourceTree = "<group>";
		};
		D502F8052262755F00085DE3 /* LaunchScreen.storyboard */ = {
			isa = PBXVariantGroup;
			children = (
				D502F8062262755F00085DE3 /* Base */,
			);
			name = LaunchScreen.storyboard;
			sourceTree = "<group>";
		};
/* End PBXVariantGroup section */

/* Begin XCBuildConfiguration section */
		D502F81F2262755F00085DE3 /* Debug */ = {
			isa = XCBuildConfiguration;
			buildSettings = {
				ALWAYS_SEARCH_USER_PATHS = NO;
				CLANG_ANALYZER_NONNULL = YES;
				CLANG_ANALYZER_NUMBER_OBJECT_CONVERSION = YES_AGGRESSIVE;
				CLANG_CXX_LANGUAGE_STANDARD = "gnu++14";
				CLANG_CXX_LIBRARY = "libc++";
				CLANG_ENABLE_MODULES = YES;
				CLANG_ENABLE_OBJC_ARC = YES;
				CLANG_ENABLE_OBJC_WEAK = YES;
				CLANG_WARN_BLOCK_CAPTURE_AUTORELEASING = YES;
				CLANG_WARN_BOOL_CONVERSION = YES;
				CLANG_WARN_COMMA = YES;
				CLANG_WARN_CONSTANT_CONVERSION = YES;
				CLANG_WARN_DEPRECATED_OBJC_IMPLEMENTATIONS = YES;
				CLANG_WARN_DIRECT_OBJC_ISA_USAGE = YES_ERROR;
				CLANG_WARN_DOCUMENTATION_COMMENTS = YES;
				CLANG_WARN_EMPTY_BODY = YES;
				CLANG_WARN_ENUM_CONVERSION = YES;
				CLANG_WARN_INFINITE_RECURSION = YES;
				CLANG_WARN_INT_CONVERSION = YES;
				CLANG_WARN_NON_LITERAL_NULL_CONVERSION = YES;
				CLANG_WARN_OBJC_IMPLICIT_RETAIN_SELF = YES;
				CLANG_WARN_OBJC_LITERAL_CONVERSION = YES;
				CLANG_WARN_OBJC_ROOT_CLASS = YES_ERROR;
				CLANG_WARN_RANGE_LOOP_ANALYSIS = YES;
				CLANG_WARN_STRICT_PROTOTYPES = YES;
				CLANG_WARN_SUSPICIOUS_MOVE = YES;
				CLANG_WARN_UNGUARDED_AVAILABILITY = YES_AGGRESSIVE;
				CLANG_WARN_UNREACHABLE_CODE = YES;
				CLANG_WARN__DUPLICATE_METHOD_MATCH = YES;
				CODE_SIGN_IDENTITY = "iPhone Developer";
				COPY_PHASE_STRIP = NO;
				DEBUG_INFORMATION_FORMAT = dwarf;
				ENABLE_STRICT_OBJC_MSGSEND = YES;
				ENABLE_TESTABILITY = YES;
				GCC_C_LANGUAGE_STANDARD = gnu11;
				GCC_DYNAMIC_NO_PIC = NO;
				GCC_NO_COMMON_BLOCKS = YES;
				GCC_OPTIMIZATION_LEVEL = 0;
				GCC_PREPROCESSOR_DEFINITIONS = (
					"DEBUG=1",
					"$(inherited)",
				);
				GCC_WARN_64_TO_32_BIT_CONVERSION = YES;
				GCC_WARN_ABOUT_RETURN_TYPE = YES_ERROR;
				GCC_WARN_UNDECLARED_SELECTOR = YES;
				GCC_WARN_UNINITIALIZED_AUTOS = YES_AGGRESSIVE;
				GCC_WARN_UNUSED_FUNCTION = YES;
				GCC_WARN_UNUSED_VARIABLE = YES;
				IPHONEOS_DEPLOYMENT_TARGET = 12.1;
				MTL_ENABLE_DEBUG_INFO = INCLUDE_SOURCE;
				MTL_FAST_MATH = YES;
				ONLY_ACTIVE_ARCH = YES;
				SDKROOT = iphoneos;
				SWIFT_ACTIVE_COMPILATION_CONDITIONS = DEBUG;
				SWIFT_OPTIMIZATION_LEVEL = "-Onone";
			};
			name = Debug;
		};
		D502F8202262755F00085DE3 /* Release */ = {
			isa = XCBuildConfiguration;
			buildSettings = {
				ALWAYS_SEARCH_USER_PATHS = NO;
				CLANG_ANALYZER_NONNULL = YES;
				CLANG_ANALYZER_NUMBER_OBJECT_CONVERSION = YES_AGGRESSIVE;
				CLANG_CXX_LANGUAGE_STANDARD = "gnu++14";
				CLANG_CXX_LIBRARY = "libc++";
				CLANG_ENABLE_MODULES = YES;
				CLANG_ENABLE_OBJC_ARC = YES;
				CLANG_ENABLE_OBJC_WEAK = YES;
				CLANG_WARN_BLOCK_CAPTURE_AUTORELEASING = YES;
				CLANG_WARN_BOOL_CONVERSION = YES;
				CLANG_WARN_COMMA = YES;
				CLANG_WARN_CONSTANT_CONVERSION = YES;
				CLANG_WARN_DEPRECATED_OBJC_IMPLEMENTATIONS = YES;
				CLANG_WARN_DIRECT_OBJC_ISA_USAGE = YES_ERROR;
				CLANG_WARN_DOCUMENTATION_COMMENTS = YES;
				CLANG_WARN_EMPTY_BODY = YES;
				CLANG_WARN_ENUM_CONVERSION = YES;
				CLANG_WARN_INFINITE_RECURSION = YES;
				CLANG_WARN_INT_CONVERSION = YES;
				CLANG_WARN_NON_LITERAL_NULL_CONVERSION = YES;
				CLANG_WARN_OBJC_IMPLICIT_RETAIN_SELF = YES;
				CLANG_WARN_OBJC_LITERAL_CONVERSION = YES;
				CLANG_WARN_OBJC_ROOT_CLASS = YES_ERROR;
				CLANG_WARN_RANGE_LOOP_ANALYSIS = YES;
				CLANG_WARN_STRICT_PROTOTYPES = YES;
				CLANG_WARN_SUSPICIOUS_MOVE = YES;
				CLANG_WARN_UNGUARDED_AVAILABILITY = YES_AGGRESSIVE;
				CLANG_WARN_UNREACHABLE_CODE = YES;
				CLANG_WARN__DUPLICATE_METHOD_MATCH = YES;
				CODE_SIGN_IDENTITY = "iPhone Developer";
				COPY_PHASE_STRIP = NO;
				DEBUG_INFORMATION_FORMAT = "dwarf-with-dsym";
				ENABLE_NS_ASSERTIONS = NO;
				ENABLE_STRICT_OBJC_MSGSEND = YES;
				GCC_C_LANGUAGE_STANDARD = gnu11;
				GCC_NO_COMMON_BLOCKS = YES;
				GCC_WARN_64_TO_32_BIT_CONVERSION = YES;
				GCC_WARN_ABOUT_RETURN_TYPE = YES_ERROR;
				GCC_WARN_UNDECLARED_SELECTOR = YES;
				GCC_WARN_UNINITIALIZED_AUTOS = YES_AGGRESSIVE;
				GCC_WARN_UNUSED_FUNCTION = YES;
				GCC_WARN_UNUSED_VARIABLE = YES;
				IPHONEOS_DEPLOYMENT_TARGET = 12.1;
				MTL_ENABLE_DEBUG_INFO = NO;
				MTL_FAST_MATH = YES;
				SDKROOT = iphoneos;
				SWIFT_COMPILATION_MODE = wholemodule;
				SWIFT_OPTIMIZATION_LEVEL = "-O";
				VALIDATE_PRODUCT = YES;
			};
			name = Release;
		};
		D502F8222262755F00085DE3 /* Debug */ = {
			isa = XCBuildConfiguration;
			baseConfigurationReference = A4F76869859EAD7CE6B58C2B /* Pods-TimeBankOfficial.debug.xcconfig */;
			buildSettings = {
				ASSETCATALOG_COMPILER_APPICON_NAME = AppIcon;
				CODE_SIGN_STYLE = Automatic;
				DEVELOPMENT_TEAM = 88P9PF3NP6;
				INFOPLIST_FILE = TimeBankOfficial/Info.plist;
				LD_RUNPATH_SEARCH_PATHS = (
					"$(inherited)",
					"@executable_path/Frameworks",
				);
				PRODUCT_BUNDLE_IDENTIFIER = cis454Group12.TimeBankOfficial;
				PRODUCT_NAME = "$(TARGET_NAME)";
				SWIFT_VERSION = 4.2;
				TARGETED_DEVICE_FAMILY = "1,2";
			};
			name = Debug;
		};
		D502F8232262755F00085DE3 /* Release */ = {
			isa = XCBuildConfiguration;
			baseConfigurationReference = EA80CACB8AED1B318CC5B394 /* Pods-TimeBankOfficial.release.xcconfig */;
			buildSettings = {
				ASSETCATALOG_COMPILER_APPICON_NAME = AppIcon;
				CODE_SIGN_STYLE = Automatic;
				DEVELOPMENT_TEAM = 88P9PF3NP6;
				INFOPLIST_FILE = TimeBankOfficial/Info.plist;
				LD_RUNPATH_SEARCH_PATHS = (
					"$(inherited)",
					"@executable_path/Frameworks",
				);
				PRODUCT_BUNDLE_IDENTIFIER = cis454Group12.TimeBankOfficial;
				PRODUCT_NAME = "$(TARGET_NAME)";
				SWIFT_VERSION = 4.2;
				TARGETED_DEVICE_FAMILY = "1,2";
			};
			name = Release;
		};
		D502F8252262755F00085DE3 /* Debug */ = {
			isa = XCBuildConfiguration;
			baseConfigurationReference = 721B61E6DC2C28597BFF91CC /* Pods-TimeBankOfficialTests.debug.xcconfig */;
			buildSettings = {
				ALWAYS_EMBED_SWIFT_STANDARD_LIBRARIES = YES;
				BUNDLE_LOADER = "$(TEST_HOST)";
				CODE_SIGN_STYLE = Automatic;
				INFOPLIST_FILE = TimeBankOfficialTests/Info.plist;
				LD_RUNPATH_SEARCH_PATHS = (
					"$(inherited)",
					"@executable_path/Frameworks",
					"@loader_path/Frameworks",
				);
				PRODUCT_BUNDLE_IDENTIFIER = cis454Group12.TimeBankOfficialTests;
				PRODUCT_NAME = "$(TARGET_NAME)";
				SWIFT_VERSION = 4.2;
				TARGETED_DEVICE_FAMILY = "1,2";
				TEST_HOST = "$(BUILT_PRODUCTS_DIR)/TimeBankOfficial.app/TimeBankOfficial";
			};
			name = Debug;
		};
		D502F8262262755F00085DE3 /* Release */ = {
			isa = XCBuildConfiguration;
			baseConfigurationReference = EF5E8DB6DF1F66B5F3B5BCFD /* Pods-TimeBankOfficialTests.release.xcconfig */;
			buildSettings = {
				ALWAYS_EMBED_SWIFT_STANDARD_LIBRARIES = YES;
				BUNDLE_LOADER = "$(TEST_HOST)";
				CODE_SIGN_STYLE = Automatic;
				INFOPLIST_FILE = TimeBankOfficialTests/Info.plist;
				LD_RUNPATH_SEARCH_PATHS = (
					"$(inherited)",
					"@executable_path/Frameworks",
					"@loader_path/Frameworks",
				);
				PRODUCT_BUNDLE_IDENTIFIER = cis454Group12.TimeBankOfficialTests;
				PRODUCT_NAME = "$(TARGET_NAME)";
				SWIFT_VERSION = 4.2;
				TARGETED_DEVICE_FAMILY = "1,2";
				TEST_HOST = "$(BUILT_PRODUCTS_DIR)/TimeBankOfficial.app/TimeBankOfficial";
			};
			name = Release;
		};
		D502F8282262755F00085DE3 /* Debug */ = {
			isa = XCBuildConfiguration;
			baseConfigurationReference = 163CFB843106CDE6362581CB /* Pods-TimeBankOfficialUITests.debug.xcconfig */;
			buildSettings = {
				ALWAYS_EMBED_SWIFT_STANDARD_LIBRARIES = YES;
				CODE_SIGN_STYLE = Automatic;
				INFOPLIST_FILE = TimeBankOfficialUITests/Info.plist;
				LD_RUNPATH_SEARCH_PATHS = (
					"$(inherited)",
					"@executable_path/Frameworks",
					"@loader_path/Frameworks",
				);
				PRODUCT_BUNDLE_IDENTIFIER = cis454Group12.TimeBankOfficialUITests;
				PRODUCT_NAME = "$(TARGET_NAME)";
				SWIFT_VERSION = 4.2;
				TARGETED_DEVICE_FAMILY = "1,2";
				TEST_TARGET_NAME = TimeBankOfficial;
			};
			name = Debug;
		};
		D502F8292262755F00085DE3 /* Release */ = {
			isa = XCBuildConfiguration;
			baseConfigurationReference = 962E910DE26DD8822F120397 /* Pods-TimeBankOfficialUITests.release.xcconfig */;
			buildSettings = {
				ALWAYS_EMBED_SWIFT_STANDARD_LIBRARIES = YES;
				CODE_SIGN_STYLE = Automatic;
				INFOPLIST_FILE = TimeBankOfficialUITests/Info.plist;
				LD_RUNPATH_SEARCH_PATHS = (
					"$(inherited)",
					"@executable_path/Frameworks",
					"@loader_path/Frameworks",
				);
				PRODUCT_BUNDLE_IDENTIFIER = cis454Group12.TimeBankOfficialUITests;
				PRODUCT_NAME = "$(TARGET_NAME)";
				SWIFT_VERSION = 4.2;
				TARGETED_DEVICE_FAMILY = "1,2";
				TEST_TARGET_NAME = TimeBankOfficial;
			};
			name = Release;
		};
/* End XCBuildConfiguration section */

/* Begin XCConfigurationList section */
		D502F7F42262755D00085DE3 /* Build configuration list for PBXProject "TimeBankOfficial" */ = {
			isa = XCConfigurationList;
			buildConfigurations = (
				D502F81F2262755F00085DE3 /* Debug */,
				D502F8202262755F00085DE3 /* Release */,
			);
			defaultConfigurationIsVisible = 0;
			defaultConfigurationName = Release;
		};
		D502F8212262755F00085DE3 /* Build configuration list for PBXNativeTarget "TimeBankOfficial" */ = {
			isa = XCConfigurationList;
			buildConfigurations = (
				D502F8222262755F00085DE3 /* Debug */,
				D502F8232262755F00085DE3 /* Release */,
			);
			defaultConfigurationIsVisible = 0;
			defaultConfigurationName = Release;
		};
		D502F8242262755F00085DE3 /* Build configuration list for PBXNativeTarget "TimeBankOfficialTests" */ = {
			isa = XCConfigurationList;
			buildConfigurations = (
				D502F8252262755F00085DE3 /* Debug */,
				D502F8262262755F00085DE3 /* Release */,
			);
			defaultConfigurationIsVisible = 0;
			defaultConfigurationName = Release;
		};
		D502F8272262755F00085DE3 /* Build configuration list for PBXNativeTarget "TimeBankOfficialUITests" */ = {
			isa = XCConfigurationList;
			buildConfigurations = (
				D502F8282262755F00085DE3 /* Debug */,
				D502F8292262755F00085DE3 /* Release */,
			);
			defaultConfigurationIsVisible = 0;
			defaultConfigurationName = Release;
		};
/* End XCConfigurationList section */
	};
	rootObject = D502F7F12262755D00085DE3 /* Project object */;
}
